{
    "version": 3,
    "terraform_version": "0.11.10",
    "serial": 7,
    "lineage": "0fe99d25-bc98-c099-dda9-f5dfb5df5591",
    "modules": [
        {
            "path": [
                "root"
            ],
            "outputs": {
                "FW_Public_Ip": {
                    "sensitive": false,
                    "type": "list",
                    "value": [
                        "20.185.103.248"
                    ]
                },
                "HUB-SubnetList": {
                    "sensitive": false,
                    "type": "list",
                    "value": [
                        "AzureFirewallSubnet",
                        "VMSubnet"
                    ]
                },
                "Private_IPs": {
                    "sensitive": false,
                    "type": "list",
                    "value": [
                        "10.0.0.68"
                    ]
                }
            },
            "resources": {
                "azurerm_application_security_group.HUB-ASG.0": {
                    "type": "azurerm_application_security_group",
                    "depends_on": [
                        "azurerm_resource_group.myterraformgroup"
                    ],
                    "primary": {
                        "id": "/subscriptions/143b1e43-576b-4030-bacc-2f74e0ba76e7/resourceGroups/RG-Demo-Infrastructure/providers/Microsoft.Network/applicationSecurityGroups/ASG-AzureFirewallSubnet",
                        "attributes": {
                            "id": "/subscriptions/143b1e43-576b-4030-bacc-2f74e0ba76e7/resourceGroups/RG-Demo-Infrastructure/providers/Microsoft.Network/applicationSecurityGroups/ASG-AzureFirewallSubnet",
                            "location": "eastus",
                            "name": "ASG-AzureFirewallSubnet",
                            "resource_group_name": "RG-Demo-Infrastructure",
                            "tags.%": "0"
                        },
                        "meta": {},
                        "tainted": false
                    },
                    "deposed": [],
                    "provider": "provider.azurerm"
                },
                "azurerm_application_security_group.HUB-ASG.1": {
                    "type": "azurerm_application_security_group",
                    "depends_on": [
                        "azurerm_resource_group.myterraformgroup"
                    ],
                    "primary": {
                        "id": "/subscriptions/143b1e43-576b-4030-bacc-2f74e0ba76e7/resourceGroups/RG-Demo-Infrastructure/providers/Microsoft.Network/applicationSecurityGroups/ASG-VMSubnet",
                        "attributes": {
                            "id": "/subscriptions/143b1e43-576b-4030-bacc-2f74e0ba76e7/resourceGroups/RG-Demo-Infrastructure/providers/Microsoft.Network/applicationSecurityGroups/ASG-VMSubnet",
                            "location": "eastus",
                            "name": "ASG-VMSubnet",
                            "resource_group_name": "RG-Demo-Infrastructure",
                            "tags.%": "0"
                        },
                        "meta": {},
                        "tainted": false
                    },
                    "deposed": [],
                    "provider": "provider.azurerm"
                },
                "azurerm_firewall.FW_Perimeter": {
                    "type": "azurerm_firewall",
                    "depends_on": [
                        "azurerm_public_ip.FWpip",
                        "azurerm_resource_group.myterraformgroup",
                        "azurerm_subnet.HUB_Subnets.*"
                    ],
                    "primary": {
                        "id": "/subscriptions/143b1e43-576b-4030-bacc-2f74e0ba76e7/resourceGroups/RG-Demo-Infrastructure/providers/Microsoft.Network/azureFirewalls/FW-Perimeter",
                        "attributes": {
                            "id": "/subscriptions/143b1e43-576b-4030-bacc-2f74e0ba76e7/resourceGroups/RG-Demo-Infrastructure/providers/Microsoft.Network/azureFirewalls/FW-Perimeter",
                            "ip_configuration.#": "1",
                            "ip_configuration.0.internal_public_ip_address_id": "/subscriptions/143b1e43-576b-4030-bacc-2f74e0ba76e7/resourceGroups/RG-Demo-Infrastructure/providers/Microsoft.Network/publicIPAddresses/FWpip",
                            "ip_configuration.0.name": "configuration",
                            "ip_configuration.0.private_ip_address": "10.0.0.4",
                            "ip_configuration.0.subnet_id": "/subscriptions/143b1e43-576b-4030-bacc-2f74e0ba76e7/resourceGroups/RG-Demo-Infrastructure/providers/Microsoft.Network/virtualNetworks/HubVNET/subnets/AzureFirewallSubnet",
                            "location": "eastus",
                            "name": "FW-Perimeter",
                            "resource_group_name": "RG-Demo-Infrastructure",
                            "tags.%": "0"
                        },
                        "meta": {},
                        "tainted": false
                    },
                    "deposed": [],
                    "provider": "provider.azurerm"
                },
                "azurerm_network_interface.privatenic": {
                    "type": "azurerm_network_interface",
                    "depends_on": [
                        "azurerm_application_security_group.HUB-ASG.*",
                        "azurerm_resource_group.myterraformgroup",
                        "azurerm_subnet.HUB_Subnets.*"
                    ],
                    "primary": {
                        "id": "/subscriptions/143b1e43-576b-4030-bacc-2f74e0ba76e7/resourceGroups/RG-Demo-Infrastructure/providers/Microsoft.Network/networkInterfaces/Nic-Test-VM",
                        "attributes": {
                            "applied_dns_servers.#": "0",
                            "dns_servers.#": "0",
                            "enable_accelerated_networking": "false",
                            "enable_ip_forwarding": "false",
                            "id": "/subscriptions/143b1e43-576b-4030-bacc-2f74e0ba76e7/resourceGroups/RG-Demo-Infrastructure/providers/Microsoft.Network/networkInterfaces/Nic-Test-VM",
                            "internal_dns_name_label": "",
                            "internal_fqdn": "",
                            "ip_configuration.#": "1",
                            "ip_configuration.0.application_gateway_backend_address_pools_ids.#": "0",
                            "ip_configuration.0.application_security_group_ids.#": "1",
                            "ip_configuration.0.application_security_group_ids.1622263": "/subscriptions/143b1e43-576b-4030-bacc-2f74e0ba76e7/resourceGroups/RG-Demo-Infrastructure/providers/Microsoft.Network/applicationSecurityGroups/ASG-VMSubnet",
                            "ip_configuration.0.load_balancer_backend_address_pools_ids.#": "0",
                            "ip_configuration.0.load_balancer_inbound_nat_rules_ids.#": "0",
                            "ip_configuration.0.name": "NicConfiguration-Test-VM",
                            "ip_configuration.0.primary": "true",
                            "ip_configuration.0.private_ip_address": "",
                            "ip_configuration.0.private_ip_address_allocation": "dynamic",
                            "ip_configuration.0.public_ip_address_id": "",
                            "ip_configuration.0.subnet_id": "/subscriptions/143b1e43-576b-4030-bacc-2f74e0ba76e7/resourceGroups/RG-Demo-Infrastructure/providers/Microsoft.Network/virtualNetworks/HubVNET/subnets/VMSubnet",
                            "location": "eastus",
                            "mac_address": "00-0D-3A-1F-C2-F4",
                            "name": "Nic-Test-VM",
                            "network_security_group_id": "",
                            "private_ip_address": "10.0.0.68",
                            "private_ip_addresses.#": "1",
                            "private_ip_addresses.0": "10.0.0.68",
                            "resource_group_name": "RG-Demo-Infrastructure",
                            "tags.%": "1",
                            "tags.environment": "Terraform Demo",
                            "virtual_machine_id": "/subscriptions/143b1e43-576b-4030-bacc-2f74e0ba76e7/resourceGroups/RG-Demo-Infrastructure/providers/Microsoft.Compute/virtualMachines/Test-VM"
                        },
                        "meta": {},
                        "tainted": false
                    },
                    "deposed": [],
                    "provider": "provider.azurerm"
                },
                "azurerm_public_ip.FWpip": {
                    "type": "azurerm_public_ip",
                    "depends_on": [
                        "azurerm_resource_group.myterraformgroup"
                    ],
                    "primary": {
                        "id": "/subscriptions/143b1e43-576b-4030-bacc-2f74e0ba76e7/resourceGroups/RG-Demo-Infrastructure/providers/Microsoft.Network/publicIPAddresses/FWpip",
                        "attributes": {
                            "id": "/subscriptions/143b1e43-576b-4030-bacc-2f74e0ba76e7/resourceGroups/RG-Demo-Infrastructure/providers/Microsoft.Network/publicIPAddresses/FWpip",
                            "idle_timeout_in_minutes": "4",
                            "ip_address": "20.185.103.248",
                            "ip_version": "IPv4",
                            "location": "eastus",
                            "name": "FWpip",
                            "public_ip_address_allocation": "Static",
                            "resource_group_name": "RG-Demo-Infrastructure",
                            "sku": "Standard",
                            "tags.%": "1",
                            "tags.environment": "Firewall public IP",
                            "zones.#": "0"
                        },
                        "meta": {},
                        "tainted": false
                    },
                    "deposed": [],
                    "provider": "provider.azurerm"
                },
                "azurerm_resource_group.myterraformgroup": {
                    "type": "azurerm_resource_group",
                    "depends_on": [],
                    "primary": {
                        "id": "/subscriptions/143b1e43-576b-4030-bacc-2f74e0ba76e7/resourceGroups/RG-Demo-Infrastructure",
                        "attributes": {
                            "id": "/subscriptions/143b1e43-576b-4030-bacc-2f74e0ba76e7/resourceGroups/RG-Demo-Infrastructure",
                            "location": "eastus",
                            "name": "RG-Demo-Infrastructure",
                            "tags.%": "1",
                            "tags.environment": "Terraform Tree-Tire App Demo"
                        },
                        "meta": {},
                        "tainted": false
                    },
                    "deposed": [],
                    "provider": "provider.azurerm"
                },
                "azurerm_subnet.HUB_Subnets.0": {
                    "type": "azurerm_subnet",
                    "depends_on": [
                        "azurerm_resource_group.myterraformgroup",
                        "azurerm_virtual_network.HUBVNET"
                    ],
                    "primary": {
                        "id": "/subscriptions/143b1e43-576b-4030-bacc-2f74e0ba76e7/resourceGroups/RG-Demo-Infrastructure/providers/Microsoft.Network/virtualNetworks/HubVNET/subnets/AzureFirewallSubnet",
                        "attributes": {
                            "address_prefix": "10.0.0.0/26",
                            "id": "/subscriptions/143b1e43-576b-4030-bacc-2f74e0ba76e7/resourceGroups/RG-Demo-Infrastructure/providers/Microsoft.Network/virtualNetworks/HubVNET/subnets/AzureFirewallSubnet",
                            "ip_configurations.#": "4",
                            "ip_configurations.264936452": "/subscriptions/143b1e43-576b-4030-bacc-2f74e0ba76e7/resourceGroups/RG-Demo-Infrastructure/providers/Microsoft.Network/azureFirewalls/FW-Perimeter/azureFirewallIpConfigurations/configuration",
                            "ip_configurations.3271466730": "/subscriptions/95f38823-1172-4225-a8e8-2c1e3eb9d7ba/resourceGroups/armrg-9b992df7-da37-4935-b412-63e9e8a90d99/providers/Microsoft.Network/loadBalancers/gsa-9b992df7-da37lb/frontendIPConfigurations/gsa-9b992df7-da37lbfepoolIpConfig",
                            "ip_configurations.3584936151": "/subscriptions/95f38823-1172-4225-a8e8-2c1e3eb9d7ba/resourceGroups/armrg-9b992df7-da37-4935-b412-63e9e8a90d99/providers/Microsoft.Compute/virtualMachineScaleSets/gsa-9b992df7-da37/virtualMachines/0/networkInterfaces/gsa-9b992df7-da37nic/ipConfigurations/gsa-9b992df7-da37ipconfig",
                            "ip_configurations.3744314837": "/subscriptions/95f38823-1172-4225-a8e8-2c1e3eb9d7ba/resourceGroups/armrg-9b992df7-da37-4935-b412-63e9e8a90d99/providers/Microsoft.Compute/virtualMachineScaleSets/gsa-9b992df7-da37/virtualMachines/3/networkInterfaces/gsa-9b992df7-da37nic/ipConfigurations/gsa-9b992df7-da37ipconfig",
                            "name": "AzureFirewallSubnet",
                            "resource_group_name": "RG-Demo-Infrastructure",
                            "route_table_id": "",
                            "service_endpoints.#": "0",
                            "virtual_network_name": "HubVNET"
                        },
                        "meta": {},
                        "tainted": false
                    },
                    "deposed": [],
                    "provider": "provider.azurerm"
                },
                "azurerm_subnet.HUB_Subnets.1": {
                    "type": "azurerm_subnet",
                    "depends_on": [
                        "azurerm_resource_group.myterraformgroup",
                        "azurerm_virtual_network.HUBVNET"
                    ],
                    "primary": {
                        "id": "/subscriptions/143b1e43-576b-4030-bacc-2f74e0ba76e7/resourceGroups/RG-Demo-Infrastructure/providers/Microsoft.Network/virtualNetworks/HubVNET/subnets/VMSubnet",
                        "attributes": {
                            "address_prefix": "10.0.0.64/26",
                            "id": "/subscriptions/143b1e43-576b-4030-bacc-2f74e0ba76e7/resourceGroups/RG-Demo-Infrastructure/providers/Microsoft.Network/virtualNetworks/HubVNET/subnets/VMSubnet",
                            "ip_configurations.#": "1",
                            "ip_configurations.754679963": "/subscriptions/143b1e43-576b-4030-bacc-2f74e0ba76e7/resourceGroups/RG-Demo-Infrastructure/providers/Microsoft.Network/networkInterfaces/Nic-Test-VM/ipConfigurations/NicConfiguration-Test-VM",
                            "name": "VMSubnet",
                            "resource_group_name": "RG-Demo-Infrastructure",
                            "route_table_id": "",
                            "service_endpoints.#": "0",
                            "virtual_network_name": "HubVNET"
                        },
                        "meta": {},
                        "tainted": false
                    },
                    "deposed": [],
                    "provider": "provider.azurerm"
                },
                "azurerm_virtual_network.HUBVNET": {
                    "type": "azurerm_virtual_network",
                    "depends_on": [
                        "azurerm_resource_group.myterraformgroup"
                    ],
                    "primary": {
                        "id": "/subscriptions/143b1e43-576b-4030-bacc-2f74e0ba76e7/resourceGroups/RG-Demo-Infrastructure/providers/Microsoft.Network/virtualNetworks/HubVNET",
                        "attributes": {
                            "address_space.#": "1",
                            "address_space.0": "10.0.0.0/24",
                            "dns_servers.#": "0",
                            "id": "/subscriptions/143b1e43-576b-4030-bacc-2f74e0ba76e7/resourceGroups/RG-Demo-Infrastructure/providers/Microsoft.Network/virtualNetworks/HubVNET",
                            "location": "eastus",
                            "name": "HubVNET",
                            "resource_group_name": "RG-Demo-Infrastructure",
                            "subnet.#": "2",
                            "subnet.1213149678.address_prefix": "10.0.0.64/26",
                            "subnet.1213149678.id": "/subscriptions/143b1e43-576b-4030-bacc-2f74e0ba76e7/resourceGroups/RG-Demo-Infrastructure/providers/Microsoft.Network/virtualNetworks/HubVNET/subnets/VMSubnet",
                            "subnet.1213149678.name": "VMSubnet",
                            "subnet.1213149678.security_group": "",
                            "subnet.2600938560.address_prefix": "10.0.0.0/26",
                            "subnet.2600938560.id": "/subscriptions/143b1e43-576b-4030-bacc-2f74e0ba76e7/resourceGroups/RG-Demo-Infrastructure/providers/Microsoft.Network/virtualNetworks/HubVNET/subnets/AzureFirewallSubnet",
                            "subnet.2600938560.name": "AzureFirewallSubnet",
                            "subnet.2600938560.security_group": "",
                            "tags.%": "1",
                            "tags.environment": "Terraform Demo"
                        },
                        "meta": {},
                        "tainted": false
                    },
                    "deposed": [],
                    "provider": "provider.azurerm"
                }
            },
            "depends_on": []
        }
    ]
}
