{
    "version": 3,
    "terraform_version": "0.11.10",
    "serial": 15,
    "lineage": "b0167dec-b9b7-d42c-8668-dc4096f29c43",
    "modules": [
        {
            "path": [
                "root"
            ],
            "outputs": {
                "ASG_ID": {
                    "sensitive": false,
                    "type": "list",
                    "value": [
                        "/subscriptions/143b1e43-576b-4030-bacc-2f74e0ba76e7/resourceGroups/NetworkWatcherRG/providers/Microsoft.Network/applicationSecurityGroups/ASG-Web-App01",
                        "/subscriptions/143b1e43-576b-4030-bacc-2f74e0ba76e7/resourceGroups/NetworkWatcherRG/providers/Microsoft.Network/applicationSecurityGroups/ASG-App-App01"
                    ]
                },
                "ASG_NAME": {
                    "sensitive": false,
                    "type": "string",
                    "value": "ASG-Web-App01"
                }
            },
            "resources": {
                "azurerm_application_security_group.App-ASG.0": {
                    "type": "azurerm_application_security_group",
                    "depends_on": [],
                    "primary": {
                        "id": "/subscriptions/143b1e43-576b-4030-bacc-2f74e0ba76e7/resourceGroups/NetworkWatcherRG/providers/Microsoft.Network/applicationSecurityGroups/ASG-Web-App01",
                        "attributes": {
                            "id": "/subscriptions/143b1e43-576b-4030-bacc-2f74e0ba76e7/resourceGroups/NetworkWatcherRG/providers/Microsoft.Network/applicationSecurityGroups/ASG-Web-App01",
                            "location": "eastus",
                            "name": "ASG-Web-App01",
                            "resource_group_name": "NetworkWatcherRG",
                            "tags.%": "0"
                        },
                        "meta": {},
                        "tainted": false
                    },
                    "deposed": [],
                    "provider": "provider.azurerm"
                },
                "azurerm_application_security_group.App-ASG.1": {
                    "type": "azurerm_application_security_group",
                    "depends_on": [],
                    "primary": {
                        "id": "/subscriptions/143b1e43-576b-4030-bacc-2f74e0ba76e7/resourceGroups/NetworkWatcherRG/providers/Microsoft.Network/applicationSecurityGroups/ASG-App-App01",
                        "attributes": {
                            "id": "/subscriptions/143b1e43-576b-4030-bacc-2f74e0ba76e7/resourceGroups/NetworkWatcherRG/providers/Microsoft.Network/applicationSecurityGroups/ASG-App-App01",
                            "location": "eastus",
                            "name": "ASG-App-App01",
                            "resource_group_name": "NetworkWatcherRG",
                            "tags.%": "0"
                        },
                        "meta": {},
                        "tainted": false
                    },
                    "deposed": [],
                    "provider": "provider.azurerm"
                },
                "azurerm_application_security_group.App-ASG.2": {
                    "type": "azurerm_application_security_group",
                    "depends_on": [],
                    "primary": {
                        "id": "/subscriptions/143b1e43-576b-4030-bacc-2f74e0ba76e7/resourceGroups/NetworkWatcherRG/providers/Microsoft.Network/applicationSecurityGroups/ASG-DB-App01",
                        "attributes": {
                            "id": "/subscriptions/143b1e43-576b-4030-bacc-2f74e0ba76e7/resourceGroups/NetworkWatcherRG/providers/Microsoft.Network/applicationSecurityGroups/ASG-DB-App01",
                            "location": "eastus",
                            "name": "ASG-DB-App01",
                            "resource_group_name": "NetworkWatcherRG",
                            "tags.%": "0"
                        },
                        "meta": {},
                        "tainted": false
                    },
                    "deposed": [],
                    "provider": "provider.azurerm"
                },
                "data.azurerm_application_security_group.test.0": {
                    "type": "azurerm_application_security_group",
                    "depends_on": [
                        "azurerm_application_security_group.App-ASG"
                    ],
                    "primary": {
                        "id": "/subscriptions/143b1e43-576b-4030-bacc-2f74e0ba76e7/resourceGroups/NetworkWatcherRG/providers/Microsoft.Network/applicationSecurityGroups/ASG-Web-App01",
                        "attributes": {
                            "id": "/subscriptions/143b1e43-576b-4030-bacc-2f74e0ba76e7/resourceGroups/NetworkWatcherRG/providers/Microsoft.Network/applicationSecurityGroups/ASG-Web-App01",
                            "location": "eastus",
                            "name": "ASG-Web-App01",
                            "resource_group_name": "NetworkWatcherRG",
                            "tags.%": "0"
                        },
                        "meta": {},
                        "tainted": false
                    },
                    "deposed": [],
                    "provider": "provider.azurerm"
                },
                "data.azurerm_application_security_group.test.1": {
                    "type": "azurerm_application_security_group",
                    "depends_on": [
                        "azurerm_application_security_group.App-ASG"
                    ],
                    "primary": {
                        "id": "/subscriptions/143b1e43-576b-4030-bacc-2f74e0ba76e7/resourceGroups/NetworkWatcherRG/providers/Microsoft.Network/applicationSecurityGroups/ASG-App-App01",
                        "attributes": {
                            "id": "/subscriptions/143b1e43-576b-4030-bacc-2f74e0ba76e7/resourceGroups/NetworkWatcherRG/providers/Microsoft.Network/applicationSecurityGroups/ASG-App-App01",
                            "location": "eastus",
                            "name": "ASG-App-App01",
                            "resource_group_name": "NetworkWatcherRG",
                            "tags.%": "0"
                        },
                        "meta": {},
                        "tainted": false
                    },
                    "deposed": [],
                    "provider": "provider.azurerm"
                }
            },
            "depends_on": []
        }
    ]
}
